
Microsoft Visual Studio Solution File, Format Version 12.00
# Visual Studio Version 17
VisualStudioVersion = 17.8.34511.84
MinimumVisualStudioVersion = 10.0.40219.1
Project("{FAE04EC0-301F-11D3-BF4B-00C04F79EFBC}") = "UnitTestProject1", "UnitTestProject1\UnitTestProject1.csproj", "{8A8EB063-4DF1-4B0C-A476-B6454CB3DEA2}"
EndProject
Global
	GlobalSection(SolutionConfigurationPlatforms) = preSolution
		Debug|Any CPU = Debug|Any CPU
		Release|Any CPU = Release|Any CPU
	EndGlobalSection
	GlobalSection(ProjectConfigurationPlatforms) = postSolution
		{8A8EB063-4DF1-4B0C-A476-B6454CB3DEA2}.Debug|Any CPU.ActiveCfg = Debug|Any CPU
		{8A8EB063-4DF1-4B0C-A476-B6454CB3DEA2}.Debug|Any CPU.Build.0 = Debug|Any CPU
		{8A8EB063-4DF1-4B0C-A476-B6454CB3DEA2}.Release|Any CPU.ActiveCfg = Release|Any CPU
		{8A8EB063-4DF1-4B0C-A476-B6454CB3DEA2}.Release|Any CPU.Build.0 = Release|Any CPU
	EndGlobalSection
	GlobalSection(SolutionProperties) = preSolution
		HideSolutionNode = FALSE
	EndGlobalSection
	GlobalSection(ExtensibilityGlobals) = postSolution
		SolutionGuid = {EC50DAC4-1DC1-40DF-AD32-4EF33861095D}
	EndGlobalSection
EndGlobal
